// !$*UTF8*$!
{
	archiveVersion = 1;
	classes = {
	};
	objectVersion = 46;
	objects = {

/* Begin PBXBuildFile section */
		8576D93B1CFE9AA800027FF2 /* MandleViewController.swift in Sources */ = {isa = PBXBuildFile; fileRef = 8576D93A1CFE9AA800027FF2 /* MandleViewController.swift */; };
		85FEDBDB1CE4344600DCC0E1 /* AppDelegate.swift in Sources */ = {isa = PBXBuildFile; fileRef = 85FEDBDA1CE4344600DCC0E1 /* AppDelegate.swift */; };
		85FEDBDD1CE4344600DCC0E1 /* ViewController.swift in Sources */ = {isa = PBXBuildFile; fileRef = 85FEDBDC1CE4344600DCC0E1 /* ViewController.swift */; };
		85FEDBE01CE4344600DCC0E1 /* Main.storyboard in Resources */ = {isa = PBXBuildFile; fileRef = 85FEDBDE1CE4344600DCC0E1 /* Main.storyboard */; };
		85FEDBE21CE4344600DCC0E1 /* Assets.xcassets in Resources */ = {isa = PBXBuildFile; fileRef = 85FEDBE11CE4344600DCC0E1 /* Assets.xcassets */; };
		85FEDBE51CE4344600DCC0E1 /* LaunchScreen.storyboard in Resources */ = {isa = PBXBuildFile; fileRef = 85FEDBE31CE4344600DCC0E1 /* LaunchScreen.storyboard */; };
		85FEDBF01CE4344700DCC0E1 /* MandelbrotTests.swift in Sources */ = {isa = PBXBuildFile; fileRef = 85FEDBEF1CE4344700DCC0E1 /* MandelbrotTests.swift */; };
		85FEDBFB1CE4348600DCC0E1 /* MandleView.swift in Sources */ = {isa = PBXBuildFile; fileRef = 85FEDBFA1CE4348600DCC0E1 /* MandleView.swift */; };
/* End PBXBuildFile section */

/* Begin PBXContainerItemProxy section */
		85FEDBEC1CE4344700DCC0E1 /* PBXContainerItemProxy */ = {
			isa = PBXContainerItemProxy;
			containerPortal = 85FEDBCF1CE4344600DCC0E1 /* Project object */;
			proxyType = 1;
			remoteGlobalIDString = 85FEDBD61CE4344600DCC0E1;
			remoteInfo = Mandelbrot;
		};
/* End PBXContainerItemProxy section */

/* Begin PBXFileReference section */
		8576D93A1CFE9AA800027FF2 /* MandleViewController.swift */ = {isa = PBXFileReference; fileEncoding = 4; lastKnownFileType = sourcecode.swift; path = MandleViewController.swift; sourceTree = "<group>"; };
		85FEDBD71CE4344600DCC0E1 /* Mandelbrot.app */ = {isa = PBXFileReference; explicitFileType = wrapper.application; includeInIndex = 0; path = Mandelbrot.app; sourceTree = BUILT_PRODUCTS_DIR; };
		85FEDBDA1CE4344600DCC0E1 /* AppDelegate.swift */ = {isa = PBXFileReference; lastKnownFileType = sourcecode.swift; path = AppDelegate.swift; sourceTree = "<group>"; };
		85FEDBDC1CE4344600DCC0E1 /* ViewController.swift */ = {isa = PBXFileReference; lastKnownFileType = sourcecode.swift; path = ViewController.swift; sourceTree = "<group>"; };
		85FEDBDF1CE4344600DCC0E1 /* Base */ = {isa = PBXFileReference; lastKnownFileType = file.storyboard; name = Base; path = Base.lproj/Main.storyboard; sourceTree = "<group>"; };
		85FEDBE11CE4344600DCC0E1 /* Assets.xcassets */ = {isa = PBXFileReference; lastKnownFileType = folder.assetcatalog; path = Assets.xcassets; sourceTree = "<group>"; };
		85FEDBE41CE4344600DCC0E1 /* Base */ = {isa = PBXFileReference; lastKnownFileType = file.storyboard; name = Base; path = Base.lproj/LaunchScreen.storyboard; sourceTree = "<group>"; };
		85FEDBE61CE4344600DCC0E1 /* Info.plist */ = {isa = PBXFileReference; lastKnownFileType = text.plist.xml; path = Info.plist; sourceTree = "<group>"; };
		85FEDBEB1CE4344700DCC0E1 /* MandelbrotTests.xctest */ = {isa = PBXFileReference; explicitFileType = wrapper.cfbundle; includeInIndex = 0; path = MandelbrotTests.xctest; sourceTree = BUILT_PRODUCTS_DIR; };
		85FEDBEF1CE4344700DCC0E1 /* MandelbrotTests.swift */ = {isa = PBXFileReference; lastKnownFileType = sourcecode.swift; path = MandelbrotTests.swift; sourceTree = "<group>"; };
		85FEDBF11CE4344700DCC0E1 /* Info.plist */ = {isa = PBXFileReference; lastKnownFileType = text.plist.xml; path = Info.plist; sourceTree = "<group>"; };
		85FEDBFA1CE4348600DCC0E1 /* MandleView.swift */ = {isa = PBXFileReference; fileEncoding = 4; lastKnownFileType = sourcecode.swift; path = MandleView.swift; sourceTree = "<group>"; };
/* End PBXFileReference section */

/* Begin PBXFrameworksBuildPhase section */
		85FEDBD41CE4344600DCC0E1 /* Frameworks */ = {
			isa = PBXFrameworksBuildPhase;
			buildActionMask = 2147483647;
			files = (
			);
			runOnlyForDeploymentPostprocessing = 0;
		};
		85FEDBE81CE4344700DCC0E1 /* Frameworks */ = {
			isa = PBXFrameworksBuildPhase;
			buildActionMask = 2147483647;
			files = (
			);
			runOnlyForDeploymentPostprocessing = 0;
		};
/* End PBXFrameworksBuildPhase section */

/* Begin PBXGroup section */
		85FEDBCE1CE4344600DCC0E1 = {
			isa = PBXGroup;
			children = (
				85FEDBD91CE4344600DCC0E1 /* Mandelbrot */,
				85FEDBEE1CE4344700DCC0E1 /* MandelbrotTests */,
				85FEDBD81CE4344600DCC0E1 /* Products */,
			);
			sourceTree = "<group>";
		};
		85FEDBD81CE4344600DCC0E1 /* Products */ = {
			isa = PBXGroup;
			children = (
				85FEDBD71CE4344600DCC0E1 /* Mandelbrot.app */,
				85FEDBEB1CE4344700DCC0E1 /* MandelbrotTests.xctest */,
			);
			name = Products;
			sourceTree = "<group>";
		};
		85FEDBD91CE4344600DCC0E1 /* Mandelbrot */ = {
			isa = PBXGroup;
			children = (
				85FEDBDA1CE4344600DCC0E1 /* AppDelegate.swift */,
				85FEDBDC1CE4344600DCC0E1 /* ViewController.swift */,
				85FEDBFA1CE4348600DCC0E1 /* MandleView.swift */,
				85FEDBDE1CE4344600DCC0E1 /* Main.storyboard */,
				8576D93A1CFE9AA800027FF2 /* MandleViewController.swift */,
				85FEDBE11CE4344600DCC0E1 /* Assets.xcassets */,
				85FEDBE31CE4344600DCC0E1 /* LaunchScreen.storyboard */,
				85FEDBE61CE4344600DCC0E1 /* Info.plist */,
			);
			path = Mandelbrot;
			sourceTree = "<group>";
		};
		85FEDBEE1CE4344700DCC0E1 /* MandelbrotTests */ = {
			isa = PBXGroup;
			children = (
				85FEDBEF1CE4344700DCC0E1 /* MandelbrotTests.swift */,
				85FEDBF11CE4344700DCC0E1 /* Info.plist */,
			);
			path = MandelbrotTests;
			sourceTree = "<group>";
		};
/* End PBXGroup section */

/* Begin PBXNativeTarget section */
		85FEDBD61CE4344600DCC0E1 /* Mandelbrot */ = {
			isa = PBXNativeTarget;
			buildConfigurationList = 85FEDBF41CE4344700DCC0E1 /* Build configuration list for PBXNativeTarget "Mandelbrot" */;
			buildPhases = (
				85FEDBD31CE4344600DCC0E1 /* Sources */,
				85FEDBD41CE4344600DCC0E1 /* Frameworks */,
				85FEDBD51CE4344600DCC0E1 /* Resources */,
			);
			buildRules = (
			);
			dependencies = (
			);
			name = Mandelbrot;
			productName = Mandelbrot;
			productReference = 85FEDBD71CE4344600DCC0E1 /* Mandelbrot.app */;
			productType = "com.apple.product-type.application";
		};
		85FEDBEA1CE4344700DCC0E1 /* MandelbrotTests */ = {
			isa = PBXNativeTarget;
			buildConfigurationList = 85FEDBF71CE4344700DCC0E1 /* Build configuration list for PBXNativeTarget "MandelbrotTests" */;
			buildPhases = (
				85FEDBE71CE4344700DCC0E1 /* Sources */,
				85FEDBE81CE4344700DCC0E1 /* Frameworks */,
				85FEDBE91CE4344700DCC0E1 /* Resources */,
			);
			buildRules = (
			);
			dependencies = (
				85FEDBED1CE4344700DCC0E1 /* PBXTargetDependency */,
			);
			name = MandelbrotTests;
			productName = MandelbrotTests;
			productReference = 85FEDBEB1CE4344700DCC0E1 /* MandelbrotTests.xctest */;
			productType = "com.apple.product-type.bundle.unit-test";
		};
/* End PBXNativeTarget section */

/* Begin PBXProject section */
		85FEDBCF1CE4344600DCC0E1 /* Project object */ = {
			isa = PBXProject;
			attributes = {
				LastSwiftUpdateCheck = 0730;
				LastUpgradeCheck = 0730;
				ORGANIZATIONNAME = "ARMANDO BRIONES";
				TargetAttributes = {
					85FEDBD61CE4344600DCC0E1 = {
						CreatedOnToolsVersion = 7.3;
					};
					85FEDBEA1CE4344700DCC0E1 = {
						CreatedOnToolsVersion = 7.3;
						TestTargetID = 85FEDBD61CE4344600DCC0E1;
					};
				};
			};
			buildConfigurationList = 85FEDBD21CE4344600DCC0E1 /* Build configuration list for PBXProject "Mandelbrot" */;
			compatibilityVersion = "Xcode 3.2";
			developmentRegion = English;
			hasScannedForEncodings = 0;
			knownRegions = (
				en,
				Base,
			);
			mainGroup = 85FEDBCE1CE4344600DCC0E1;
			productRefGroup = 85FEDBD81CE4344600DCC0E1 /* Products */;
			projectDirPath = "";
			projectRoot = "";
			targets = (
				85FEDBD61CE4344600DCC0E1 /* Mandelbrot */,
				85FEDBEA1CE4344700DCC0E1 /* MandelbrotTests */,
			);
		};
/* End PBXProject section */

/* Begin PBXResourcesBuildPhase section */
		85FEDBD51CE4344600DCC0E1 /* Resources */ = {
			isa = PBXResourcesBuildPhase;
			buildActionMask = 2147483647;
			files = (
				85FEDBE51CE4344600DCC0E1 /* LaunchScreen.storyboard in Resources */,
				85FEDBE21CE4344600DCC0E1 /* Assets.xcassets in Resources */,
				85FEDBE01CE4344600DCC0E1 /* Main.storyboard in Resources */,
			);
			runOnlyForDeploymentPostprocessing = 0;
		};
		85FEDBE91CE4344700DCC0E1 /* Resources */ = {
			isa = PBXResourcesBuildPhase;
			buildActionMask = 2147483647;
			files = (
			);
			runOnlyForDeploymentPostprocessing = 0;
		};
/* End PBXResourcesBuildPhase section */

/* Begin PBXSourcesBuildPhase section */
		85FEDBD31CE4344600DCC0E1 /* Sources */ = {
			isa = PBXSourcesBuildPhase;
			buildActionMask = 2147483647;
			files = (
				85FEDBDD1CE4344600DCC0E1 /* ViewController.swift in Sources */,
				8576D93B1CFE9AA800027FF2 /* MandleViewController.swift in Sources */,
				85FEDBFB1CE4348600DCC0E1 /* MandleView.swift in Sources */,
				85FEDBDB1CE4344600DCC0E1 /* AppDelegate.swift in Sources */,
			);
			runOnlyForDeploymentPostprocessing = 0;
		};
		85FEDBE71CE4344700DCC0E1 /* Sources */ = {
			isa = PBXSourcesBuildPhase;
			buildActionMask = 2147483647;
			files = (
				85FEDBF01CE4344700DCC0E1 /* MandelbrotTests.swift in Sources */,
			);
			runOnlyForDeploymentPostprocessing = 0;
		};
/* End PBXSourcesBuildPhase section */

/* Begin PBXTargetDependency section */
		85FEDBED1CE4344700DCC0E1 /* PBXTargetDependency */ = {
			isa = PBXTargetDependency;
			target = 85FEDBD61CE4344600DCC0E1 /* Mandelbrot */;
			targetProxy = 85FEDBEC1CE4344700DCC0E1 /* PBXContainerItemProxy */;
		};
/* End PBXTargetDependency section */

/* Begin PBXVariantGroup section */
		85FEDBDE1CE4344600DCC0E1 /* Main.storyboard */ = {
			isa = PBXVariantGroup;
			children = (
				85FEDBDF1CE4344600DCC0E1 /* Base */,
			);
			name = Main.storyboard;
			sourceTree = "<group>";
		};
		85FEDBE31CE4344600DCC0E1 /* LaunchScreen.storyboard */ = {
			isa = PBXVariantGroup;
			children = (
				85FEDBE41CE4344600DCC0E1 /* Base */,
			);
			name = LaunchScreen.storyboard;
			sourceTree = "<group>";
		};
/* End PBXVariantGroup section */

/* Begin XCBuildConfiguration section */
		85FEDBF21CE4344700DCC0E1 /* Debug */ = {
			isa = XCBuildConfiguration;
			buildSettings = {
				ALWAYS_SEARCH_USER_PATHS = NO;
				CLANG_ANALYZER_NONNULL = YES;
				CLANG_CXX_LANGUAGE_STANDARD = "gnu++0x";
				CLANG_CXX_LIBRARY = "libc++";
				CLANG_ENABLE_MODULES = YES;
				CLANG_ENABLE_OBJC_ARC = YES;
				CLANG_WARN_BOOL_CONVERSION = YES;
				CLANG_WARN_CONSTANT_CONVERSION = YES;
				CLANG_WARN_DIRECT_OBJC_ISA_USAGE = YES_ERROR;
				CLANG_WARN_EMPTY_BODY = YES;
				CLANG_WARN_ENUM_CONVERSION = YES;
				CLANG_WARN_INT_CONVERSION = YES;
				CLANG_WARN_OBJC_ROOT_CLASS = YES_ERROR;
				CLANG_WARN_UNREACHABLE_CODE = YES;
				CLANG_WARN__DUPLICATE_METHOD_MATCH = YES;
				"CODE_SIGN_IDENTITY[sdk=iphoneos*]" = "iPhone Developer";
				COPY_PHASE_STRIP = NO;
				DEBUG_INFORMATION_FORMAT = dwarf;
				ENABLE_STRICT_OBJC_MSGSEND = YES;
				ENABLE_TESTABILITY = YES;
				GCC_C_LANGUAGE_STANDARD = gnu99;
				GCC_DYNAMIC_NO_PIC = NO;
				GCC_NO_COMMON_BLOCKS = YES;
				GCC_OPTIMIZATION_LEVEL = 0;
				GCC_PREPROCESSOR_DEFINITIONS = (
					"DEBUG=1",
					"$(inherited)",
				);
				GCC_WARN_64_TO_32_BIT_CONVERSION = YES;
				GCC_WARN_ABOUT_RETURN_TYPE = YES_ERROR;
				GCC_WARN_UNDECLARED_SELECTOR = YES;
				GCC_WARN_UNINITIALIZED_AUTOS = YES_AGGRESSIVE;
				GCC_WARN_UNUSED_FUNCTION = YES;
				GCC_WARN_UNUSED_VARIABLE = YES;
				IPHONEOS_DEPLOYMENT_TARGET = 9.3;
				MTL_ENABLE_DEBUG_INFO = YES;
				ONLY_ACTIVE_ARCH = YES;
				SDKROOT = iphoneos;
				SWIFT_OPTIMIZATION_LEVEL = "-Onone";
				TARGETED_DEVICE_FAMILY = "1,2";
			};
			name = Debug;
		};
		85FEDBF31CE4344700DCC0E1 /* Release */ = {
			isa = XCBuildConfiguration;
			buildSettings = {
				ALWAYS_SEARCH_USER_PATHS = NO;
				CLANG_ANALYZER_NONNULL = YES;
				CLANG_CXX_LANGUAGE_STANDARD = "gnu++0x";
				CLANG_CXX_LIBRARY = "libc++";
				CLANG_ENABLE_MODULES = YES;
				CLANG_ENABLE_OBJC_ARC = YES;
				CLANG_WARN_BOOL_CONVERSION = YES;
				CLANG_WARN_CONSTANT_CONVERSION = YES;
				CLANG_WARN_DIRECT_OBJC_ISA_USAGE = YES_ERROR;
				CLANG_WARN_EMPTY_BODY = YES;
				CLANG_WARN_ENUM_CONVERSION = YES;
				CLANG_WARN_INT_CONVERSION = YES;
				CLANG_WARN_OBJC_ROOT_CLASS = YES_ERROR;
				CLANG_WARN_UNREACHABLE_CODE = YES;
				CLANG_WARN__DUPLICATE_METHOD_MATCH = YES;
				"CODE_SIGN_IDENTITY[sdk=iphoneos*]" = "iPhone Developer";
				COPY_PHASE_STRIP = NO;
				DEBUG_INFORMATION_FORMAT = "dwarf-with-dsym";
				ENABLE_NS_ASSERTIONS = NO;
				ENABLE_STRICT_OBJC_MSGSEND = YES;
				GCC_C_LANGUAGE_STANDARD = gnu99;
				GCC_NO_COMMON_BLOCKS = YES;
				GCC_WARN_64_TO_32_BIT_CONVERSION = YES;
				GCC_WARN_ABOUT_RETURN_TYPE = YES_ERROR;
				GCC_WARN_UNDECLARED_SELECTOR = YES;
				GCC_WARN_UNINITIALIZED_AUTOS = YES_AGGRESSIVE;
				GCC_WARN_UNUSED_FUNCTION = YES;
				GCC_WARN_UNUSED_VARIABLE = YES;
				IPHONEOS_DEPLOYMENT_TARGET = 9.3;
				MTL_ENABLE_DEBUG_INFO = NO;
				SDKROOT = iphoneos;
				TARGETED_DEVICE_FAMILY = "1,2";
				VALIDATE_PRODUCT = YES;
			};
			name = Release;
		};
		85FEDBF51CE4344700DCC0E1 /* Debug */ = {
			isa = XCBuildConfiguration;
			buildSettings = {
				ASSETCATALOG_COMPILER_APPICON_NAME = AppIcon;
				INFOPLIST_FILE = Mandelbrot/Info.plist;
				LD_RUNPATH_SEARCH_PATHS = "$(inherited) @executable_path/Frameworks";
				PRODUCT_BUNDLE_IDENTIFIER = Armando.Mancha.Mandelbrot;
				PRODUCT_NAME = "$(TARGET_NAME)";
			};
			name = Debug;
		};
		85FEDBF61CE4344700DCC0E1 /* Release */ = {
			isa = XCBuildConfiguration;
			buildSettings = {
				ASSETCATALOG_COMPILER_APPICON_NAME = AppIcon;
				INFOPLIST_FILE = Mandelbrot/Info.plist;
				LD_RUNPATH_SEARCH_PATHS = "$(inherited) @executable_path/Frameworks";
				PRODUCT_BUNDLE_IDENTIFIER = Armando.Mancha.Mandelbrot;
				PRODUCT_NAME = "$(TARGET_NAME)";
			};
			name = Release;
		};
		85FEDBF81CE4344700DCC0E1 /* Debug */ = {
			isa = XCBuildConfiguration;
			buildSettings = {
				BUNDLE_LOADER = "$(TEST_HOST)";
				INFOPLIST_FILE = MandelbrotTests/Info.plist;
				LD_RUNPATH_SEARCH_PATHS = "$(inherited) @executable_path/Frameworks @loader_path/Frameworks";
				PRODUCT_BUNDLE_IDENTIFIER = Armando.Mancha.MandelbrotTests;
				PRODUCT_NAME = "$(TARGET_NAME)";
				TEST_HOST = "$(BUILT_PRODUCTS_DIR)/Mandelbrot.app/Mandelbrot";
			};
			name = Debug;
		};
		85FEDBF91CE4344700DCC0E1 /* Release */ = {
			isa = XCBuildConfiguration;
			buildSettings = {
				BUNDLE_LOADER = "$(TEST_HOST)";
				INFOPLIST_FILE = MandelbrotTests/Info.plist;
				LD_RUNPATH_SEARCH_PATHS = "$(inherited) @executable_path/Frameworks @loader_path/Frameworks";
				PRODUCT_BUNDLE_IDENTIFIER = Armando.Mancha.MandelbrotTests;
				PRODUCT_NAME = "$(TARGET_NAME)";
				TEST_HOST = "$(BUILT_PRODUCTS_DIR)/Mandelbrot.app/Mandelbrot";
			};
			name = Release;
		};
/* End XCBuildConfiguration section */

/* Begin XCConfigurationList section */
		85FEDBD21CE4344600DCC0E1 /* Build configuration list for PBXProject "Mandelbrot" */ = {
			isa = XCConfigurationList;
			buildConfigurations = (
				85FEDBF21CE4344700DCC0E1 /* Debug */,
				85FEDBF31CE4344700DCC0E1 /* Release */,
			);
			defaultConfigurationIsVisible = 0;
			defaultConfigurationName = Release;
		};
		85FEDBF41CE4344700DCC0E1 /* Build configuration list for PBXNativeTarget "Mandelbrot" */ = {
			isa = XCConfigurationList;
			buildConfigurations = (
				85FEDBF51CE4344700DCC0E1 /* Debug */,
				85FEDBF61CE4344700DCC0E1 /* Release */,
			);
			defaultConfigurationIsVisible = 0;
			defaultConfigurationName = Release;
		};
		85FEDBF71CE4344700DCC0E1 /* Build configuration list for PBXNativeTarget "MandelbrotTests" */ = {
			isa = XCConfigurationList;
			buildConfigurations = (
				85FEDBF81CE4344700DCC0E1 /* Debug */,
				85FEDBF91CE4344700DCC0E1 /* Release */,
			);
			defaultConfigurationIsVisible = 0;
			defaultConfigurationName = Release;
		};
/* End XCConfigurationList section */
	};
	rootObject = 85FEDBCF1CE4344600DCC0E1 /* Project object */;
}
